dependencies:
  esp_littlefs:
    dependencies: []
    source:
      path: components/esp_littlefs
      type: local
    version: 1.20.4
  idf:
    source:
      type: idf
    version: 6.0.0
  joltwallet/littlefs:
    component_hash: dcea25bcef2de023f089f5f01e8d8c46ad1b8ffef75861ad5ffb4098555839df
    dependencies:
    - name: idf
      require: private
      version: '>=5.0'
    source:
      registry_url: https://components.espressif.com/
      type: service
    version: 1.20.4
direct_dependencies:
- esp_littlefs
- idf
- joltwallet/littlefs
manifest_hash: 838e8246258aa659d5458e74a4147fa3b0e791961aade04c5dff1a3e2db4ee0e
target: esp32s3
version: 3.0.0
