dependencies:
  esp-idf-lib/esp_idf_lib_helpers:
    component_hash: 689853bb8993434f9556af0f2816e808bf77b5d22100144b21f3519993daf237
    dependencies: []
    source:
      registry_url: https://components.espressif.com/
      type: service
    targets:
    - esp32
    - esp32c2
    - esp32c3
    - esp32c5
    - esp32c6
    - esp32c61
    - esp32h2
    - esp32p4
    - esp32s2
    - esp32s3
    version: 1.4.0
  esp_littlefs:
    dependencies: []
    source:
      path: components/esp_littlefs
      type: local
    version: 1.20.4
  i2cdev:
    dependencies: []
    source:
      path: components/esp-idf-lib/i2cdev
      type: local
    version: 2.1.1
  idf:
    source:
      type: idf
    version: 6.0.0
  joltwallet/littlefs:
    component_hash: dcea25bcef2de023f089f5f01e8d8c46ad1b8ffef75861ad5ffb4098555839df
    dependencies:
    - name: idf
      require: private
      version: '>=5.0'
    source:
      registry_url: https://components.espressif.com/
      type: service
    version: 1.20.4
  mpu6050:
    dependencies: []
    source:
      path: components/esp-idf-lib/mpu6050
      type: local
    version: 2.1.9
direct_dependencies:
- esp-idf-lib/esp_idf_lib_helpers
- esp-idf-lib/i2cdev
- esp-idf-lib/mpu6050
- esp_littlefs
- idf
- joltwallet/littlefs
manifest_hash: 07773fdd76e7f309bf80e728b856553f566b6dcc7bde53988802b35cf6cebf1b
target: esp32s3
version: 3.0.0
